
Microsoft Visual Studio Solution File, Format Version 12.00
# Visual Studio Version 16
VisualStudioVersion = 16.0.30503.244
MinimumVisualStudioVersion = 10.0.40219.1
Project("{FAE04EC0-301F-11D3-BF4B-00C04F79EFBC}") = "GoVagas", "GoVagas.csproj", "{83EDE7C9-CC0A-40CF-ABDF-B954FAE3271C}"
EndProject
Global
	GlobalSection(SolutionConfigurationPlatforms) = preSolution
		Debug|Any CPU = Debug|Any CPU
		Release|Any CPU = Release|Any CPU
	EndGlobalSection
	GlobalSection(ProjectConfigurationPlatforms) = postSolution
		{83EDE7C9-CC0A-40CF-ABDF-B954FAE3271C}.Debug|Any CPU.ActiveCfg = Debug|Any CPU
		{83EDE7C9-CC0A-40CF-ABDF-B954FAE3271C}.Debug|Any CPU.Build.0 = Debug|Any CPU
		{83EDE7C9-CC0A-40CF-ABDF-B954FAE3271C}.Release|Any CPU.ActiveCfg = Release|Any CPU
		{83EDE7C9-CC0A-40CF-ABDF-B954FAE3271C}.Release|Any CPU.Build.0 = Release|Any CPU
	EndGlobalSection
	GlobalSection(SolutionProperties) = preSolution
		HideSolutionNode = FALSE
	EndGlobalSection
	GlobalSection(ExtensibilityGlobals) = postSolution
		SolutionGuid = {ED1C5E85-0867-4A5A-9E5F-7A22A44A81C4}
	EndGlobalSection
EndGlobal
